
Microsoft Visual Studio Solution File, Format Version 12.00
# Visual Studio Version 17
VisualStudioVersion = 17.2.32630.192
MinimumVisualStudioVersion = 10.0.40219.1
Project("{FAE04EC0-301F-11D3-BF4B-00C04F79EFBC}") = "ConsoleApp1", "ConsoleApp1.csproj", "{98B7FDE7-0B6D-4F99-BEAD-1BB72185D6CC}"
EndProject
Global
	GlobalSection(SolutionConfigurationPlatforms) = preSolution
		Debug|Any CPU = Debug|Any CPU
		Release|Any CPU = Release|Any CPU
	EndGlobalSection
	GlobalSection(ProjectConfigurationPlatforms) = postSolution
		{98B7FDE7-0B6D-4F99-BEAD-1BB72185D6CC}.Debug|Any CPU.ActiveCfg = Debug|Any CPU
		{98B7FDE7-0B6D-4F99-BEAD-1BB72185D6CC}.Debug|Any CPU.Build.0 = Debug|Any CPU
		{98B7FDE7-0B6D-4F99-BEAD-1BB72185D6CC}.Release|Any CPU.ActiveCfg = Release|Any CPU
		{98B7FDE7-0B6D-4F99-BEAD-1BB72185D6CC}.Release|Any CPU.Build.0 = Release|Any CPU
	EndGlobalSection
	GlobalSection(SolutionProperties) = preSolution
		HideSolutionNode = FALSE
	EndGlobalSection
	GlobalSection(ExtensibilityGlobals) = postSolution
		SolutionGuid = {FAA31762-6EC4-4F67-AC8E-4CE571EB1B09}
	EndGlobalSection
EndGlobal
